
Microsoft Visual Studio Solution File, Format Version 12.00
# Visual Studio Version 17
VisualStudioVersion = 17.1.32210.238
MinimumVisualStudioVersion = 10.0.40219.1
Project("{FAE04EC0-301F-11D3-BF4B-00C04F79EFBC}") = "Renter", "Renter\Renter.csproj", "{EFE5D02D-42FD-4998-AA3D-DC7843A92868}"
EndProject
Global
	GlobalSection(SolutionConfigurationPlatforms) = preSolution
		Debug|Any CPU = Debug|Any CPU
		Release|Any CPU = Release|Any CPU
	EndGlobalSection
	GlobalSection(ProjectConfigurationPlatforms) = postSolution
		{EFE5D02D-42FD-4998-AA3D-DC7843A92868}.Debug|Any CPU.ActiveCfg = Debug|Any CPU
		{EFE5D02D-42FD-4998-AA3D-DC7843A92868}.Debug|Any CPU.Build.0 = Debug|Any CPU
		{EFE5D02D-42FD-4998-AA3D-DC7843A92868}.Release|Any CPU.ActiveCfg = Release|Any CPU
		{EFE5D02D-42FD-4998-AA3D-DC7843A92868}.Release|Any CPU.Build.0 = Release|Any CPU
	EndGlobalSection
	GlobalSection(SolutionProperties) = preSolution
		HideSolutionNode = FALSE
	EndGlobalSection
	GlobalSection(ExtensibilityGlobals) = postSolution
		SolutionGuid = {40B4CA8E-BD10-41AC-9C4C-9E8AE68DE8BA}
	EndGlobalSection
EndGlobal
